Microsoft Visual Studio Solution File, Format Version 12.00
# 17
VisualStudioVersion = 17.11.35208.52
MinimumVisualStudioVersion = 10.0.40219.1
Project("{FAE04EC0-301F-11D3-BF4B-00C04F79EFBC}") = "WpftmpErrorTest", "WpftmpErrorTest.csproj", "{D26AF1A0-8DC7-4EC8-8A3D-B76B1E32CB34}"
EndProject
Global
	GlobalSection(SolutionConfigurationPlatforms) = preSolution
		Debug|Any CPU = Debug|Any CPU
		Release|Any CPU = Release|Any CPU
	EndGlobalSection
	GlobalSection(ProjectConfigurationPlatforms) = postSolution
		{D26AF1A0-8DC7-4EC8-8A3D-B76B1E32CB34}.Debug|Any CPU.ActiveCfg = Debug|Any CPU
		{D26AF1A0-8DC7-4EC8-8A3D-B76B1E32CB34}.Debug|Any CPU.Build.0 = Debug|Any CPU
		{D26AF1A0-8DC7-4EC8-8A3D-B76B1E32CB34}.Release|Any CPU.ActiveCfg = Release|Any CPU
		{D26AF1A0-8DC7-4EC8-8A3D-B76B1E32CB34}.Release|Any CPU.Build.0 = Release|Any CPU
	EndGlobalSection
	GlobalSection(SolutionProperties) = preSolution
		HideSolutionNode = FALSE
	EndGlobalSection
	GlobalSection(ExtensibilityGlobals) = postSolution
		SolutionGuid = {7F69E14C-FADE-478F-B4DB-F94B18459275}
	EndGlobalSection
EndGlobal
